// !$*UTF8*$!
{
	archiveVersion = 1;
	classes = {
	};
	objectVersion = 50;
	objects = {

/* Begin PBXBuildFile section */
		C555190E234EEC2600BED51A /* AppDelegate.m in Sources */ = {isa = PBXBuildFile; fileRef = C555190D234EEC2600BED51A /* AppDelegate.m */; };
		C5551911234EEC2600BED51A /* SceneDelegate.m in Sources */ = {isa = PBXBuildFile; fileRef = C5551910234EEC2600BED51A /* SceneDelegate.m */; };
		C5551914234EEC2600BED51A /* ViewController.m in Sources */ = {isa = PBXBuildFile; fileRef = C5551913234EEC2600BED51A /* ViewController.m */; };
		C5551917234EEC2600BED51A /* Main.storyboard in Resources */ = {isa = PBXBuildFile; fileRef = C5551915234EEC2600BED51A /* Main.storyboard */; };
		C5551919234EEC2800BED51A /* Assets.xcassets in Resources */ = {isa = PBXBuildFile; fileRef = C5551918234EEC2800BED51A /* Assets.xcassets */; };
		C555191C234EEC2800BED51A /* LaunchScreen.storyboard in Resources */ = {isa = PBXBuildFile; fileRef = C555191A234EEC2800BED51A /* LaunchScreen.storyboard */; };
		C555191F234EEC2800BED51A /* main.m in Sources */ = {isa = PBXBuildFile; fileRef = C555191E234EEC2800BED51A /* main.m */; };
		C55519AB234EECDD00BED51A /* MMPinchVelocityGestureRecognizer.m in Sources */ = {isa = PBXBuildFile; fileRef = C55519AA234EECDD00BED51A /* MMPinchVelocityGestureRecognizer.m */; };
		C55519B1234EECEB00BED51A /* MMPageIconView.m in Sources */ = {isa = PBXBuildFile; fileRef = C55519AD234EECEB00BED51A /* MMPageIconView.m */; };
		C55519B2234EECEB00BED51A /* MMGridIconView.m in Sources */ = {isa = PBXBuildFile; fileRef = C55519B0234EECEB00BED51A /* MMGridIconView.m */; };
		C55519BA234EECF700BED51A /* MMPageLayout.m in Sources */ = {isa = PBXBuildFile; fileRef = C55519B6234EECF700BED51A /* MMPageLayout.m */; };
		C55519BB234EECF700BED51A /* MMShelfLayout.m in Sources */ = {isa = PBXBuildFile; fileRef = C55519B7234EECF700BED51A /* MMShelfLayout.m */; };
		C55519BC234EECF700BED51A /* MMGridLayout.m in Sources */ = {isa = PBXBuildFile; fileRef = C55519B8234EECF700BED51A /* MMGridLayout.m */; };
		C55519C6234EED0800BED51A /* MMPageCollectionViewController.m in Sources */ = {isa = PBXBuildFile; fileRef = C55519BE234EED0700BED51A /* MMPageCollectionViewController.m */; };
		C55519C7234EED0800BED51A /* MMPageCollectionView.m in Sources */ = {isa = PBXBuildFile; fileRef = C55519BF234EED0700BED51A /* MMPageCollectionView.m */; };
		C55519C8234EED0800BED51A /* MMPageCollectionCell.m in Sources */ = {isa = PBXBuildFile; fileRef = C55519C3234EED0700BED51A /* MMPageCollectionCell.m */; };
		C55519C9234EED0800BED51A /* MMPageCollectionHeader.m in Sources */ = {isa = PBXBuildFile; fileRef = C55519C4234EED0700BED51A /* MMPageCollectionHeader.m */; };
/* End PBXBuildFile section */

/* Begin PBXFileReference section */
		C5551909234EEC2600BED51A /* PageCollectionView.app */ = {isa = PBXFileReference; explicitFileType = wrapper.application; includeInIndex = 0; path = PageCollectionView.app; sourceTree = BUILT_PRODUCTS_DIR; };
		C555190C234EEC2600BED51A /* AppDelegate.h */ = {isa = PBXFileReference; lastKnownFileType = sourcecode.c.h; path = AppDelegate.h; sourceTree = "<group>"; };
		C555190D234EEC2600BED51A /* AppDelegate.m */ = {isa = PBXFileReference; lastKnownFileType = sourcecode.c.objc; path = AppDelegate.m; sourceTree = "<group>"; };
		C555190F234EEC2600BED51A /* SceneDelegate.h */ = {isa = PBXFileReference; lastKnownFileType = sourcecode.c.h; path = SceneDelegate.h; sourceTree = "<group>"; };
		C5551910234EEC2600BED51A /* SceneDelegate.m */ = {isa = PBXFileReference; lastKnownFileType = sourcecode.c.objc; path = SceneDelegate.m; sourceTree = "<group>"; };
		C5551912234EEC2600BED51A /* ViewController.h */ = {isa = PBXFileReference; lastKnownFileType = sourcecode.c.h; path = ViewController.h; sourceTree = "<group>"; };
		C5551913234EEC2600BED51A /* ViewController.m */ = {isa = PBXFileReference; lastKnownFileType = sourcecode.c.objc; path = ViewController.m; sourceTree = "<group>"; };
		C5551916234EEC2600BED51A /* Base */ = {isa = PBXFileReference; lastKnownFileType = file.storyboard; name = Base; path = Base.lproj/Main.storyboard; sourceTree = "<group>"; };
		C5551918234EEC2800BED51A /* Assets.xcassets */ = {isa = PBXFileReference; lastKnownFileType = folder.assetcatalog; path = Assets.xcassets; sourceTree = "<group>"; };
		C555191B234EEC2800BED51A /* Base */ = {isa = PBXFileReference; lastKnownFileType = file.storyboard; name = Base; path = Base.lproj/LaunchScreen.storyboard; sourceTree = "<group>"; };
		C555191D234EEC2800BED51A /* Info.plist */ = {isa = PBXFileReference; lastKnownFileType = text.plist.xml; path = Info.plist; sourceTree = "<group>"; };
		C555191E234EEC2800BED51A /* main.m */ = {isa = PBXFileReference; lastKnownFileType = sourcecode.c.objc; path = main.m; sourceTree = "<group>"; };
		C55519A9234EECDD00BED51A /* MMPinchVelocityGestureRecognizer.h */ = {isa = PBXFileReference; fileEncoding = 4; lastKnownFileType = sourcecode.c.h; path = MMPinchVelocityGestureRecognizer.h; sourceTree = "<group>"; };
		C55519AA234EECDD00BED51A /* MMPinchVelocityGestureRecognizer.m */ = {isa = PBXFileReference; fileEncoding = 4; lastKnownFileType = sourcecode.c.objc; path = MMPinchVelocityGestureRecognizer.m; sourceTree = "<group>"; };
		C55519AD234EECEB00BED51A /* MMPageIconView.m */ = {isa = PBXFileReference; fileEncoding = 4; lastKnownFileType = sourcecode.c.objc; path = MMPageIconView.m; sourceTree = "<group>"; };
		C55519AE234EECEB00BED51A /* MMGridIconView.h */ = {isa = PBXFileReference; fileEncoding = 4; lastKnownFileType = sourcecode.c.h; path = MMGridIconView.h; sourceTree = "<group>"; };
		C55519AF234EECEB00BED51A /* MMPageIconView.h */ = {isa = PBXFileReference; fileEncoding = 4; lastKnownFileType = sourcecode.c.h; path = MMPageIconView.h; sourceTree = "<group>"; };
		C55519B0234EECEB00BED51A /* MMGridIconView.m */ = {isa = PBXFileReference; fileEncoding = 4; lastKnownFileType = sourcecode.c.objc; path = MMGridIconView.m; sourceTree = "<group>"; };
		C55519B4234EECF700BED51A /* MMShelfLayout.h */ = {isa = PBXFileReference; fileEncoding = 4; lastKnownFileType = sourcecode.c.h; path = MMShelfLayout.h; sourceTree = "<group>"; };
		C55519B5234EECF700BED51A /* MMGridLayout.h */ = {isa = PBXFileReference; fileEncoding = 4; lastKnownFileType = sourcecode.c.h; path = MMGridLayout.h; sourceTree = "<group>"; };
		C55519B6234EECF700BED51A /* MMPageLayout.m */ = {isa = PBXFileReference; fileEncoding = 4; lastKnownFileType = sourcecode.c.objc; path = MMPageLayout.m; sourceTree = "<group>"; };
		C55519B7234EECF700BED51A /* MMShelfLayout.m */ = {isa = PBXFileReference; fileEncoding = 4; lastKnownFileType = sourcecode.c.objc; path = MMShelfLayout.m; sourceTree = "<group>"; };
		C55519B8234EECF700BED51A /* MMGridLayout.m */ = {isa = PBXFileReference; fileEncoding = 4; lastKnownFileType = sourcecode.c.objc; path = MMGridLayout.m; sourceTree = "<group>"; };
		C55519B9234EECF700BED51A /* MMPageLayout.h */ = {isa = PBXFileReference; fileEncoding = 4; lastKnownFileType = sourcecode.c.h; path = MMPageLayout.h; sourceTree = "<group>"; };
		C55519BE234EED0700BED51A /* MMPageCollectionViewController.m */ = {isa = PBXFileReference; fileEncoding = 4; lastKnownFileType = sourcecode.c.objc; path = MMPageCollectionViewController.m; sourceTree = "<group>"; };
		C55519BF234EED0700BED51A /* MMPageCollectionView.m */ = {isa = PBXFileReference; fileEncoding = 4; lastKnownFileType = sourcecode.c.objc; path = MMPageCollectionView.m; sourceTree = "<group>"; };
		C55519C0234EED0700BED51A /* MMPageCollectionViewController.h */ = {isa = PBXFileReference; fileEncoding = 4; lastKnownFileType = sourcecode.c.h; path = MMPageCollectionViewController.h; sourceTree = "<group>"; };
		C55519C1234EED0700BED51A /* MMPageCollectionCell.h */ = {isa = PBXFileReference; fileEncoding = 4; lastKnownFileType = sourcecode.c.h; path = MMPageCollectionCell.h; sourceTree = "<group>"; };
		C55519C2234EED0700BED51A /* MMPageCollectionView.h */ = {isa = PBXFileReference; fileEncoding = 4; lastKnownFileType = sourcecode.c.h; path = MMPageCollectionView.h; sourceTree = "<group>"; };
		C55519C3234EED0700BED51A /* MMPageCollectionCell.m */ = {isa = PBXFileReference; fileEncoding = 4; lastKnownFileType = sourcecode.c.objc; path = MMPageCollectionCell.m; sourceTree = "<group>"; };
		C55519C4234EED0700BED51A /* MMPageCollectionHeader.m */ = {isa = PBXFileReference; fileEncoding = 4; lastKnownFileType = sourcecode.c.objc; path = MMPageCollectionHeader.m; sourceTree = "<group>"; };
		C55519C5234EED0800BED51A /* MMPageCollectionHeader.h */ = {isa = PBXFileReference; fileEncoding = 4; lastKnownFileType = sourcecode.c.h; path = MMPageCollectionHeader.h; sourceTree = "<group>"; };
/* End PBXFileReference section */

/* Begin PBXFrameworksBuildPhase section */
		C5551906234EEC2600BED51A /* Frameworks */ = {
			isa = PBXFrameworksBuildPhase;
			buildActionMask = 2147483647;
			files = (
			);
			runOnlyForDeploymentPostprocessing = 0;
		};
/* End PBXFrameworksBuildPhase section */

/* Begin PBXGroup section */
		C5551900234EEC2600BED51A = {
			isa = PBXGroup;
			children = (
				C555190B234EEC2600BED51A /* PageCollectionView */,
				C555190A234EEC2600BED51A /* Products */,
			);
			sourceTree = "<group>";
		};
		C555190A234EEC2600BED51A /* Products */ = {
			isa = PBXGroup;
			children = (
				C5551909234EEC2600BED51A /* PageCollectionView.app */,
			);
			name = Products;
			sourceTree = "<group>";
		};
		C555190B234EEC2600BED51A /* PageCollectionView */ = {
			isa = PBXGroup;
			children = (
				C55519BD234EECFC00BED51A /* Page Collection View */,
				C55519B3234EECF000BED51A /* Layouts */,
				C55519AC234EECE300BED51A /* Header Icons */,
				C55519A8234EECD500BED51A /* Gestures */,
				C555190C234EEC2600BED51A /* AppDelegate.h */,
				C555190D234EEC2600BED51A /* AppDelegate.m */,
				C555190F234EEC2600BED51A /* SceneDelegate.h */,
				C5551910234EEC2600BED51A /* SceneDelegate.m */,
				C5551912234EEC2600BED51A /* ViewController.h */,
				C5551913234EEC2600BED51A /* ViewController.m */,
				C5551915234EEC2600BED51A /* Main.storyboard */,
				C5551918234EEC2800BED51A /* Assets.xcassets */,
				C555191A234EEC2800BED51A /* LaunchScreen.storyboard */,
				C555191D234EEC2800BED51A /* Info.plist */,
				C555191E234EEC2800BED51A /* main.m */,
			);
			path = PageCollectionView;
			sourceTree = "<group>";
		};
		C55519A8234EECD500BED51A /* Gestures */ = {
			isa = PBXGroup;
			children = (
				C55519A9234EECDD00BED51A /* MMPinchVelocityGestureRecognizer.h */,
				C55519AA234EECDD00BED51A /* MMPinchVelocityGestureRecognizer.m */,
			);
			path = Gestures;
			sourceTree = "<group>";
		};
		C55519AC234EECE300BED51A /* Header Icons */ = {
			isa = PBXGroup;
			children = (
				C55519AE234EECEB00BED51A /* MMGridIconView.h */,
				C55519B0234EECEB00BED51A /* MMGridIconView.m */,
				C55519AF234EECEB00BED51A /* MMPageIconView.h */,
				C55519AD234EECEB00BED51A /* MMPageIconView.m */,
			);
			path = "Header Icons";
			sourceTree = "<group>";
		};
		C55519B3234EECF000BED51A /* Layouts */ = {
			isa = PBXGroup;
			children = (
				C55519B5234EECF700BED51A /* MMGridLayout.h */,
				C55519B8234EECF700BED51A /* MMGridLayout.m */,
				C55519B9234EECF700BED51A /* MMPageLayout.h */,
				C55519B6234EECF700BED51A /* MMPageLayout.m */,
				C55519B4234EECF700BED51A /* MMShelfLayout.h */,
				C55519B7234EECF700BED51A /* MMShelfLayout.m */,
			);
			path = Layouts;
			sourceTree = "<group>";
		};
		C55519BD234EECFC00BED51A /* Page Collection View */ = {
			isa = PBXGroup;
			children = (
				C55519C0234EED0700BED51A /* MMPageCollectionViewController.h */,
				C55519BE234EED0700BED51A /* MMPageCollectionViewController.m */,
				C55519C2234EED0700BED51A /* MMPageCollectionView.h */,
				C55519BF234EED0700BED51A /* MMPageCollectionView.m */,
				C55519C1234EED0700BED51A /* MMPageCollectionCell.h */,
				C55519C3234EED0700BED51A /* MMPageCollectionCell.m */,
				C55519C5234EED0800BED51A /* MMPageCollectionHeader.h */,
				C55519C4234EED0700BED51A /* MMPageCollectionHeader.m */,
			);
			path = "Page Collection View";
			sourceTree = "<group>";
		};
/* End PBXGroup section */

/* Begin PBXNativeTarget section */
		C5551908234EEC2600BED51A /* PageCollectionView */ = {
			isa = PBXNativeTarget;
			buildConfigurationList = C5551922234EEC2800BED51A /* Build configuration list for PBXNativeTarget "PageCollectionView" */;
			buildPhases = (
				C5551905234EEC2600BED51A /* Sources */,
				C5551906234EEC2600BED51A /* Frameworks */,
				C5551907234EEC2600BED51A /* Resources */,
			);
			buildRules = (
			);
			dependencies = (
			);
			name = PageCollectionView;
			productName = PageCollectionView;
			productReference = C5551909234EEC2600BED51A /* PageCollectionView.app */;
			productType = "com.apple.product-type.application";
		};
/* End PBXNativeTarget section */

/* Begin PBXProject section */
		C5551901234EEC2600BED51A /* Project object */ = {
			isa = PBXProject;
			attributes = {
				LastUpgradeCheck = 1100;
				ORGANIZATIONNAME = "Milestone Made";
				TargetAttributes = {
					C5551908234EEC2600BED51A = {
						CreatedOnToolsVersion = 11.0;
					};
				};
			};
			buildConfigurationList = C5551904234EEC2600BED51A /* Build configuration list for PBXProject "PageCollectionView" */;
			compatibilityVersion = "Xcode 9.3";
			developmentRegion = en;
			hasScannedForEncodings = 0;
			knownRegions = (
				en,
				Base,
			);
			mainGroup = C5551900234EEC2600BED51A;
			productRefGroup = C555190A234EEC2600BED51A /* Products */;
			projectDirPath = "";
			projectRoot = "";
			targets = (
				C5551908234EEC2600BED51A /* PageCollectionView */,
			);
		};
/* End PBXProject section */

/* Begin PBXResourcesBuildPhase section */
		C5551907234EEC2600BED51A /* Resources */ = {
			isa = PBXResourcesBuildPhase;
			buildActionMask = 2147483647;
			files = (
				C555191C234EEC2800BED51A /* LaunchScreen.storyboard in Resources */,
				C5551919234EEC2800BED51A /* Assets.xcassets in Resources */,
				C5551917234EEC2600BED51A /* Main.storyboard in Resources */,
			);
			runOnlyForDeploymentPostprocessing = 0;
		};
/* End PBXResourcesBuildPhase section */

/* Begin PBXSourcesBuildPhase section */
		C5551905234EEC2600BED51A /* Sources */ = {
			isa = PBXSourcesBuildPhase;
			buildActionMask = 2147483647;
			files = (
				C55519B2234EECEB00BED51A /* MMGridIconView.m in Sources */,
				C55519BC234EECF700BED51A /* MMGridLayout.m in Sources */,
				C5551914234EEC2600BED51A /* ViewController.m in Sources */,
				C55519AB234EECDD00BED51A /* MMPinchVelocityGestureRecognizer.m in Sources */,
				C55519B1234EECEB00BED51A /* MMPageIconView.m in Sources */,
				C55519C6234EED0800BED51A /* MMPageCollectionViewController.m in Sources */,
				C555190E234EEC2600BED51A /* AppDelegate.m in Sources */,
				C555191F234EEC2800BED51A /* main.m in Sources */,
				C55519C8234EED0800BED51A /* MMPageCollectionCell.m in Sources */,
				C55519BA234EECF700BED51A /* MMPageLayout.m in Sources */,
				C5551911234EEC2600BED51A /* SceneDelegate.m in Sources */,
				C55519BB234EECF700BED51A /* MMShelfLayout.m in Sources */,
				C55519C7234EED0800BED51A /* MMPageCollectionView.m in Sources */,
				C55519C9234EED0800BED51A /* MMPageCollectionHeader.m in Sources */,
			);
			runOnlyForDeploymentPostprocessing = 0;
		};
/* End PBXSourcesBuildPhase section */

/* Begin PBXVariantGroup section */
		C5551915234EEC2600BED51A /* Main.storyboard */ = {
			isa = PBXVariantGroup;
			children = (
				C5551916234EEC2600BED51A /* Base */,
			);
			name = Main.storyboard;
			sourceTree = "<group>";
		};
		C555191A234EEC2800BED51A /* LaunchScreen.storyboard */ = {
			isa = PBXVariantGroup;
			children = (
				C555191B234EEC2800BED51A /* Base */,
			);
			name = LaunchScreen.storyboard;
			sourceTree = "<group>";
		};
/* End PBXVariantGroup section */

/* Begin XCBuildConfiguration section */
		C5551920234EEC2800BED51A /* Debug */ = {
			isa = XCBuildConfiguration;
			buildSettings = {
				ALWAYS_SEARCH_USER_PATHS = NO;
				CLANG_ANALYZER_NONNULL = YES;
				CLANG_ANALYZER_NUMBER_OBJECT_CONVERSION = YES_AGGRESSIVE;
				CLANG_CXX_LANGUAGE_STANDARD = "gnu++14";
				CLANG_CXX_LIBRARY = "libc++";
				CLANG_ENABLE_MODULES = YES;
				CLANG_ENABLE_OBJC_ARC = YES;
				CLANG_ENABLE_OBJC_WEAK = YES;
				CLANG_WARN_BLOCK_CAPTURE_AUTORELEASING = YES;
				CLANG_WARN_BOOL_CONVERSION = YES;
				CLANG_WARN_COMMA = YES;
				CLANG_WARN_CONSTANT_CONVERSION = YES;
				CLANG_WARN_DEPRECATED_OBJC_IMPLEMENTATIONS = YES;
				CLANG_WARN_DIRECT_OBJC_ISA_USAGE = YES_ERROR;
				CLANG_WARN_DOCUMENTATION_COMMENTS = YES;
				CLANG_WARN_EMPTY_BODY = YES;
				CLANG_WARN_ENUM_CONVERSION = YES;
				CLANG_WARN_INFINITE_RECURSION = YES;
				CLANG_WARN_INT_CONVERSION = YES;
				CLANG_WARN_NON_LITERAL_NULL_CONVERSION = YES;
				CLANG_WARN_OBJC_IMPLICIT_RETAIN_SELF = YES;
				CLANG_WARN_OBJC_LITERAL_CONVERSION = YES;
				CLANG_WARN_OBJC_ROOT_CLASS = YES_ERROR;
				CLANG_WARN_RANGE_LOOP_ANALYSIS = YES;
				CLANG_WARN_STRICT_PROTOTYPES = YES;
				CLANG_WARN_SUSPICIOUS_MOVE = YES;
				CLANG_WARN_UNGUARDED_AVAILABILITY = YES_AGGRESSIVE;
				CLANG_WARN_UNREACHABLE_CODE = YES;
				CLANG_WARN__DUPLICATE_METHOD_MATCH = YES;
				COPY_PHASE_STRIP = NO;
				DEBUG_INFORMATION_FORMAT = dwarf;
				ENABLE_STRICT_OBJC_MSGSEND = YES;
				ENABLE_TESTABILITY = YES;
				GCC_C_LANGUAGE_STANDARD = gnu11;
				GCC_DYNAMIC_NO_PIC = NO;
				GCC_NO_COMMON_BLOCKS = YES;
				GCC_OPTIMIZATION_LEVEL = 0;
				GCC_PREPROCESSOR_DEFINITIONS = (
					"DEBUG=1",
					"$(inherited)",
				);
				GCC_WARN_64_TO_32_BIT_CONVERSION = YES;
				GCC_WARN_ABOUT_RETURN_TYPE = YES_ERROR;
				GCC_WARN_UNDECLARED_SELECTOR = YES;
				GCC_WARN_UNINITIALIZED_AUTOS = YES_AGGRESSIVE;
				GCC_WARN_UNUSED_FUNCTION = YES;
				GCC_WARN_UNUSED_VARIABLE = YES;
				IPHONEOS_DEPLOYMENT_TARGET = 13.0;
				MTL_ENABLE_DEBUG_INFO = INCLUDE_SOURCE;
				MTL_FAST_MATH = YES;
				ONLY_ACTIVE_ARCH = YES;
				SDKROOT = iphoneos;
			};
			name = Debug;
		};
		C5551921234EEC2800BED51A /* Release */ = {
			isa = XCBuildConfiguration;
			buildSettings = {
				ALWAYS_SEARCH_USER_PATHS = NO;
				CLANG_ANALYZER_NONNULL = YES;
				CLANG_ANALYZER_NUMBER_OBJECT_CONVERSION = YES_AGGRESSIVE;
				CLANG_CXX_LANGUAGE_STANDARD = "gnu++14";
				CLANG_CXX_LIBRARY = "libc++";
				CLANG_ENABLE_MODULES = YES;
				CLANG_ENABLE_OBJC_ARC = YES;
				CLANG_ENABLE_OBJC_WEAK = YES;
				CLANG_WARN_BLOCK_CAPTURE_AUTORELEASING = YES;
				CLANG_WARN_BOOL_CONVERSION = YES;
				CLANG_WARN_COMMA = YES;
				CLANG_WARN_CONSTANT_CONVERSION = YES;
				CLANG_WARN_DEPRECATED_OBJC_IMPLEMENTATIONS = YES;
				CLANG_WARN_DIRECT_OBJC_ISA_USAGE = YES_ERROR;
				CLANG_WARN_DOCUMENTATION_COMMENTS = YES;
				CLANG_WARN_EMPTY_BODY = YES;
				CLANG_WARN_ENUM_CONVERSION = YES;
				CLANG_WARN_INFINITE_RECURSION = YES;
				CLANG_WARN_INT_CONVERSION = YES;
				CLANG_WARN_NON_LITERAL_NULL_CONVERSION = YES;
				CLANG_WARN_OBJC_IMPLICIT_RETAIN_SELF = YES;
				CLANG_WARN_OBJC_LITERAL_CONVERSION = YES;
				CLANG_WARN_OBJC_ROOT_CLASS = YES_ERROR;
				CLANG_WARN_RANGE_LOOP_ANALYSIS = YES;
				CLANG_WARN_STRICT_PROTOTYPES = YES;
				CLANG_WARN_SUSPICIOUS_MOVE = YES;
				CLANG_WARN_UNGUARDED_AVAILABILITY = YES_AGGRESSIVE;
				CLANG_WARN_UNREACHABLE_CODE = YES;
				CLANG_WARN__DUPLICATE_METHOD_MATCH = YES;
				COPY_PHASE_STRIP = NO;
				DEBUG_INFORMATION_FORMAT = "dwarf-with-dsym";
				ENABLE_NS_ASSERTIONS = NO;
				ENABLE_STRICT_OBJC_MSGSEND = YES;
				GCC_C_LANGUAGE_STANDARD = gnu11;
				GCC_NO_COMMON_BLOCKS = YES;
				GCC_WARN_64_TO_32_BIT_CONVERSION = YES;
				GCC_WARN_ABOUT_RETURN_TYPE = YES_ERROR;
				GCC_WARN_UNDECLARED_SELECTOR = YES;
				GCC_WARN_UNINITIALIZED_AUTOS = YES_AGGRESSIVE;
				GCC_WARN_UNUSED_FUNCTION = YES;
				GCC_WARN_UNUSED_VARIABLE = YES;
				IPHONEOS_DEPLOYMENT_TARGET = 13.0;
				MTL_ENABLE_DEBUG_INFO = NO;
				MTL_FAST_MATH = YES;
				SDKROOT = iphoneos;
				VALIDATE_PRODUCT = YES;
			};
			name = Release;
		};
		C5551923234EEC2800BED51A /* Debug */ = {
			isa = XCBuildConfiguration;
			buildSettings = {
				ASSETCATALOG_COMPILER_APPICON_NAME = AppIcon;
				CODE_SIGN_STYLE = Automatic;
				DEVELOPMENT_TEAM = MU27A4SCKC;
				INFOPLIST_FILE = PageCollectionView/Info.plist;
				LD_RUNPATH_SEARCH_PATHS = (
					"$(inherited)",
					"@executable_path/Frameworks",
				);
				PRODUCT_BUNDLE_IDENTIFIER = com.milestonemade.PageCollectionView;
				PRODUCT_NAME = "$(TARGET_NAME)";
				TARGETED_DEVICE_FAMILY = "1,2";
			};
			name = Debug;
		};
		C5551924234EEC2800BED51A /* Release */ = {
			isa = XCBuildConfiguration;
			buildSettings = {
				ASSETCATALOG_COMPILER_APPICON_NAME = AppIcon;
				CODE_SIGN_STYLE = Automatic;
				DEVELOPMENT_TEAM = MU27A4SCKC;
				INFOPLIST_FILE = PageCollectionView/Info.plist;
				LD_RUNPATH_SEARCH_PATHS = (
					"$(inherited)",
					"@executable_path/Frameworks",
				);
				PRODUCT_BUNDLE_IDENTIFIER = com.milestonemade.PageCollectionView;
				PRODUCT_NAME = "$(TARGET_NAME)";
				TARGETED_DEVICE_FAMILY = "1,2";
			};
			name = Release;
		};
/* End XCBuildConfiguration section */

/* Begin XCConfigurationList section */
		C5551904234EEC2600BED51A /* Build configuration list for PBXProject "PageCollectionView" */ = {
			isa = XCConfigurationList;
			buildConfigurations = (
				C5551920234EEC2800BED51A /* Debug */,
				C5551921234EEC2800BED51A /* Release */,
			);
			defaultConfigurationIsVisible = 0;
			defaultConfigurationName = Release;
		};
		C5551922234EEC2800BED51A /* Build configuration list for PBXNativeTarget "PageCollectionView" */ = {
			isa = XCConfigurationList;
			buildConfigurations = (
				C5551923234EEC2800BED51A /* Debug */,
				C5551924234EEC2800BED51A /* Release */,
			);
			defaultConfigurationIsVisible = 0;
			defaultConfigurationName = Release;
		};
/* End XCConfigurationList section */
	};
	rootObject = C5551901234EEC2600BED51A /* Project object */;
}
